
Microsoft Visual Studio Solution File, Format Version 12.00
# Visual Studio Version 16
VisualStudioVersion = 16.0.34031.81
MinimumVisualStudioVersion = 10.0.40219.1
Project("{FAE04EC0-301F-11D3-BF4B-00C04F79EFBC}") = "gerenciamento_estoque", "gerenciamento_estoque.csproj", "{3635221D-2AEA-43F0-9E00-718CFB95959F}"
EndProject
Global
	GlobalSection(SolutionConfigurationPlatforms) = preSolution
		Debug|Any CPU = Debug|Any CPU
		Release|Any CPU = Release|Any CPU
	EndGlobalSection
	GlobalSection(ProjectConfigurationPlatforms) = postSolution
		{3635221D-2AEA-43F0-9E00-718CFB95959F}.Debug|Any CPU.ActiveCfg = Debug|Any CPU
		{3635221D-2AEA-43F0-9E00-718CFB95959F}.Debug|Any CPU.Build.0 = Debug|Any CPU
		{3635221D-2AEA-43F0-9E00-718CFB95959F}.Release|Any CPU.ActiveCfg = Release|Any CPU
		{3635221D-2AEA-43F0-9E00-718CFB95959F}.Release|Any CPU.Build.0 = Release|Any CPU
	EndGlobalSection
	GlobalSection(SolutionProperties) = preSolution
		HideSolutionNode = FALSE
	EndGlobalSection
	GlobalSection(ExtensibilityGlobals) = postSolution
		SolutionGuid = {FC0E9D02-76C2-4919-B814-FE133E531CCC}
	EndGlobalSection
EndGlobal
