
Microsoft Visual Studio Solution File, Format Version 12.00
# Visual Studio Version 16
VisualStudioVersion = 16.0.34031.81
MinimumVisualStudioVersion = 10.0.40219.1
Project("{FAE04EC0-301F-11D3-BF4B-00C04F79EFBC}") = "exercicio002", "exercicio002.csproj", "{72B8BDD0-3E58-4DD4-A39D-8F2BD2967427}"
EndProject
Global
	GlobalSection(SolutionConfigurationPlatforms) = preSolution
		Debug|Any CPU = Debug|Any CPU
		Release|Any CPU = Release|Any CPU
	EndGlobalSection
	GlobalSection(ProjectConfigurationPlatforms) = postSolution
		{72B8BDD0-3E58-4DD4-A39D-8F2BD2967427}.Debug|Any CPU.ActiveCfg = Debug|Any CPU
		{72B8BDD0-3E58-4DD4-A39D-8F2BD2967427}.Debug|Any CPU.Build.0 = Debug|Any CPU
		{72B8BDD0-3E58-4DD4-A39D-8F2BD2967427}.Release|Any CPU.ActiveCfg = Release|Any CPU
		{72B8BDD0-3E58-4DD4-A39D-8F2BD2967427}.Release|Any CPU.Build.0 = Release|Any CPU
	EndGlobalSection
	GlobalSection(SolutionProperties) = preSolution
		HideSolutionNode = FALSE
	EndGlobalSection
	GlobalSection(ExtensibilityGlobals) = postSolution
		SolutionGuid = {655DE040-835E-4641-9754-BD0B13EEF747}
	EndGlobalSection
EndGlobal
