
Microsoft Visual Studio Solution File, Format Version 12.00
# Visual Studio Version 16
VisualStudioVersion = 16.0.34031.81
MinimumVisualStudioVersion = 10.0.40219.1
Project("{FAE04EC0-301F-11D3-BF4B-00C04F79EFBC}") = "gerenciamento_estoque_com_encapsulamento_e_get_set", "gerenciamento_estoque_com_encapsulamento_e_get_set.csproj", "{A7082FE1-5DFD-4656-96C8-BA2D0C1E115C}"
EndProject
Global
	GlobalSection(SolutionConfigurationPlatforms) = preSolution
		Debug|Any CPU = Debug|Any CPU
		Release|Any CPU = Release|Any CPU
	EndGlobalSection
	GlobalSection(ProjectConfigurationPlatforms) = postSolution
		{A7082FE1-5DFD-4656-96C8-BA2D0C1E115C}.Debug|Any CPU.ActiveCfg = Debug|Any CPU
		{A7082FE1-5DFD-4656-96C8-BA2D0C1E115C}.Debug|Any CPU.Build.0 = Debug|Any CPU
		{A7082FE1-5DFD-4656-96C8-BA2D0C1E115C}.Release|Any CPU.ActiveCfg = Release|Any CPU
		{A7082FE1-5DFD-4656-96C8-BA2D0C1E115C}.Release|Any CPU.Build.0 = Release|Any CPU
	EndGlobalSection
	GlobalSection(SolutionProperties) = preSolution
		HideSolutionNode = FALSE
	EndGlobalSection
	GlobalSection(ExtensibilityGlobals) = postSolution
		SolutionGuid = {CF313DC1-3645-4E73-8BB2-71FF605A41EF}
	EndGlobalSection
EndGlobal
