
Microsoft Visual Studio Solution File, Format Version 12.00
# Visual Studio Version 16
VisualStudioVersion = 16.0.34031.81
MinimumVisualStudioVersion = 10.0.40219.1
Project("{FAE04EC0-301F-11D3-BF4B-00C04F79EFBC}") = "exercicio003", "exercicio003.csproj", "{5E834741-4F46-46AF-A88D-6AB78C9DC786}"
EndProject
Global
	GlobalSection(SolutionConfigurationPlatforms) = preSolution
		Debug|Any CPU = Debug|Any CPU
		Release|Any CPU = Release|Any CPU
	EndGlobalSection
	GlobalSection(ProjectConfigurationPlatforms) = postSolution
		{5E834741-4F46-46AF-A88D-6AB78C9DC786}.Debug|Any CPU.ActiveCfg = Debug|Any CPU
		{5E834741-4F46-46AF-A88D-6AB78C9DC786}.Debug|Any CPU.Build.0 = Debug|Any CPU
		{5E834741-4F46-46AF-A88D-6AB78C9DC786}.Release|Any CPU.ActiveCfg = Release|Any CPU
		{5E834741-4F46-46AF-A88D-6AB78C9DC786}.Release|Any CPU.Build.0 = Release|Any CPU
	EndGlobalSection
	GlobalSection(SolutionProperties) = preSolution
		HideSolutionNode = FALSE
	EndGlobalSection
	GlobalSection(ExtensibilityGlobals) = postSolution
		SolutionGuid = {85AC9BD9-4C3E-4D21-9DE1-96FF27908BC3}
	EndGlobalSection
EndGlobal
